
Microsoft Visual Studio Solution File, Format Version 12.00
# Visual Studio Version 17
VisualStudioVersion = 17.5.33502.453
MinimumVisualStudioVersion = 10.0.40219.1
Project("{9A19103F-16F7-4668-BE54-9A1E7A4F7556}") = "Arrays Processing", "Arrays Processing\Arrays Processing.csproj", "{4E6C560D-CEDB-4977-82EA-C3D8E56D89E5}"
EndProject
Project("{FAE04EC0-301F-11D3-BF4B-00C04F79EFBC}") = "ArrayOperationsUnitTest", "ArrayOperationsUnitTest\ArrayOperationsUnitTest.csproj", "{C6E9267D-ECA0-45C7-B04A-F49F6BB63EDC}"
	ProjectSection(ProjectDependencies) = postProject
		{4E6C560D-CEDB-4977-82EA-C3D8E56D89E5} = {4E6C560D-CEDB-4977-82EA-C3D8E56D89E5}
	EndProjectSection
EndProject
Global
	GlobalSection(SolutionConfigurationPlatforms) = preSolution
		Debug|Any CPU = Debug|Any CPU
		Release|Any CPU = Release|Any CPU
	EndGlobalSection
	GlobalSection(ProjectConfigurationPlatforms) = postSolution
		{4E6C560D-CEDB-4977-82EA-C3D8E56D89E5}.Debug|Any CPU.ActiveCfg = Debug|Any CPU
		{4E6C560D-CEDB-4977-82EA-C3D8E56D89E5}.Debug|Any CPU.Build.0 = Debug|Any CPU
		{4E6C560D-CEDB-4977-82EA-C3D8E56D89E5}.Release|Any CPU.ActiveCfg = Release|Any CPU
		{4E6C560D-CEDB-4977-82EA-C3D8E56D89E5}.Release|Any CPU.Build.0 = Release|Any CPU
		{C6E9267D-ECA0-45C7-B04A-F49F6BB63EDC}.Debug|Any CPU.ActiveCfg = Debug|Any CPU
		{C6E9267D-ECA0-45C7-B04A-F49F6BB63EDC}.Debug|Any CPU.Build.0 = Debug|Any CPU
		{C6E9267D-ECA0-45C7-B04A-F49F6BB63EDC}.Release|Any CPU.ActiveCfg = Release|Any CPU
		{C6E9267D-ECA0-45C7-B04A-F49F6BB63EDC}.Release|Any CPU.Build.0 = Release|Any CPU
	EndGlobalSection
	GlobalSection(SolutionProperties) = preSolution
		HideSolutionNode = FALSE
	EndGlobalSection
	GlobalSection(ExtensibilityGlobals) = postSolution
		SolutionGuid = {08135F91-92C4-4203-8B2E-4C3736D3E84A}
	EndGlobalSection
EndGlobal
